# This file is automatically @generated by Poetry 1.4.2 and should not be changed by hand.

[[package]]
name = "colorama"
version = "0.4.6"
description = "Cross-platform colored terminal text."
category = "dev"
optional = false
python-versions = "!=3.0.*,!=3.1.*,!=3.2.*,!=3.3.*,!=3.4.*,!=3.5.*,!=3.6.*,>=2.7"
files = [
    {file = "colorama-0.4.6-py2.py3-none-any.whl", hash = "sha256:4f1d9991f5acc0ca119f9d443620b77f9d6b33703e51011c16baf57afb285fc6"},
    {file = "colorama-0.4.6.tar.gz", hash = "sha256:08695f5cb7ed6e0531a20572697297273c47b8cae5a63ffc6d6ed5c201be6e44"},
]

[[package]]
name = "coverage"
version = "7.2.3"
description = "Code coverage measurement for Python"
category = "dev"
optional = false
python-versions = ">=3.7"
files = [
    {file = "coverage-7.2.3-cp310-cp310-macosx_10_9_x86_64.whl", hash = "sha256:e58c0d41d336569d63d1b113bd573db8363bc4146f39444125b7f8060e4e04f5"},
    {file = "coverage-7.2.3-cp310-cp310-macosx_11_0_arm64.whl", hash = "sha256:344e714bd0fe921fc72d97404ebbdbf9127bac0ca1ff66d7b79efc143cf7c0c4"},
    {file = "coverage-7.2.3-cp310-cp310-manylinux_2_17_aarch64.manylinux2014_aarch64.whl", hash = "sha256:974bc90d6f6c1e59ceb1516ab00cf1cdfbb2e555795d49fa9571d611f449bcb2"},
    {file = "coverage-7.2.3-cp310-cp310-manylinux_2_5_i686.manylinux1_i686.manylinux_2_17_i686.manylinux2014_i686.whl", hash = "sha256:0743b0035d4b0e32bc1df5de70fba3059662ace5b9a2a86a9f894cfe66569013"},
    {file = "coverage-7.2.3-cp310-cp310-manylinux_2_5_x86_64.manylinux1_x86_64.manylinux_2_17_x86_64.manylinux2014_x86_64.whl", hash = "sha256:5d0391fb4cfc171ce40437f67eb050a340fdbd0f9f49d6353a387f1b7f9dd4fa"},
    {file = "coverage-7.2.3-cp310-cp310-musllinux_1_1_aarch64.whl", hash = "sha256:4a42e1eff0ca9a7cb7dc9ecda41dfc7cbc17cb1d02117214be0561bd1134772b"},
    {file = "coverage-7.2.3-cp310-cp310-musllinux_1_1_i686.whl", hash = "sha256:be19931a8dcbe6ab464f3339966856996b12a00f9fe53f346ab3be872d03e257"},
    {file = "coverage-7.2.3-cp310-cp310-musllinux_1_1_x86_64.whl", hash = "sha256:72fcae5bcac3333a4cf3b8f34eec99cea1187acd55af723bcbd559adfdcb5535"},
    {file = "coverage-7.2.3-cp310-cp310-win32.whl", hash = "sha256:aeae2aa38395b18106e552833f2a50c27ea0000122bde421c31d11ed7e6f9c91"},
    {file = "coverage-7.2.3-cp310-cp310-win_amd64.whl", hash = "sha256:83957d349838a636e768251c7e9979e899a569794b44c3728eaebd11d848e58e"},
    {file = "coverage-7.2.3-cp311-cp311-macosx_10_9_x86_64.whl", hash = "sha256:dfd393094cd82ceb9b40df4c77976015a314b267d498268a076e940fe7be6b79"},
    {file = "coverage-7.2.3-cp311-cp311-macosx_11_0_arm64.whl", hash = "sha256:182eb9ac3f2b4874a1f41b78b87db20b66da6b9cdc32737fbbf4fea0c35b23fc"},
    {file = "coverage-7.2.3-cp311-cp311-manylinux_2_17_aarch64.manylinux2014_aarch64.whl", hash = "sha256:1bb1e77a9a311346294621be905ea8a2c30d3ad371fc15bb72e98bfcfae532df"},
    {file = "coverage-7.2.3-cp311-cp311-manylinux_2_5_i686.manylinux1_i686.manylinux_2_17_i686.manylinux2014_i686.whl", hash = "sha256:ca0f34363e2634deffd390a0fef1aa99168ae9ed2af01af4a1f5865e362f8623"},
    {file = "coverage-7.2.3-cp311-cp311-manylinux_2_5_x86_64.manylinux1_x86_64.manylinux_2_17_x86_64.manylinux2014_x86_64.whl", hash = "sha256:55416d7385774285b6e2a5feca0af9652f7f444a4fa3d29d8ab052fafef9d00d"},
    {file = "coverage-7.2.3-cp311-cp311-musllinux_1_1_aarch64.whl", hash = "sha256:06ddd9c0249a0546997fdda5a30fbcb40f23926df0a874a60a8a185bc3a87d93"},
    {file = "coverage-7.2.3-cp311-cp311-musllinux_1_1_i686.whl", hash = "sha256:fff5aaa6becf2c6a1699ae6a39e2e6fb0672c2d42eca8eb0cafa91cf2e9bd312"},
    {file = "coverage-7.2.3-cp311-cp311-musllinux_1_1_x86_64.whl", hash = "sha256:ea53151d87c52e98133eb8ac78f1206498c015849662ca8dc246255265d9c3c4"},
    {file = "coverage-7.2.3-cp311-cp311-win32.whl", hash = "sha256:8f6c930fd70d91ddee53194e93029e3ef2aabe26725aa3c2753df057e296b925"},
    {file = "coverage-7.2.3-cp311-cp311-win_amd64.whl", hash = "sha256:fa546d66639d69aa967bf08156eb8c9d0cd6f6de84be9e8c9819f52ad499c910"},
    {file = "coverage-7.2.3-cp37-cp37m-macosx_10_9_x86_64.whl", hash = "sha256:b2317d5ed777bf5a033e83d4f1389fd4ef045763141d8f10eb09a7035cee774c"},
    {file = "coverage-7.2.3-cp37-cp37m-manylinux_2_17_aarch64.manylinux2014_aarch64.whl", hash = "sha256:be9824c1c874b73b96288c6d3de793bf7f3a597770205068c6163ea1f326e8b9"},
    {file = "coverage-7.2.3-cp37-cp37m-manylinux_2_5_i686.manylinux1_i686.manylinux_2_17_i686.manylinux2014_i686.whl", hash = "sha256:2c3b2803e730dc2797a017335827e9da6da0e84c745ce0f552e66400abdfb9a1"},
    {file = "coverage-7.2.3-cp37-cp37m-manylinux_2_5_x86_64.manylinux1_x86_64.manylinux_2_17_x86_64.manylinux2014_x86_64.whl", hash = "sha256:8f69770f5ca1994cb32c38965e95f57504d3aea96b6c024624fdd5bb1aa494a1"},
    {file = "coverage-7.2.3-cp37-cp37m-musllinux_1_1_aarch64.whl", hash = "sha256:1127b16220f7bfb3f1049ed4a62d26d81970a723544e8252db0efde853268e21"},
    {file = "coverage-7.2.3-cp37-cp37m-musllinux_1_1_i686.whl", hash = "sha256:aa784405f0c640940595fa0f14064d8e84aff0b0f762fa18393e2760a2cf5841"},
    {file = "coverage-7.2.3-cp37-cp37m-musllinux_1_1_x86_64.whl", hash = "sha256:3146b8e16fa60427e03884301bf8209221f5761ac754ee6b267642a2fd354c48"},
    {file = "coverage-7.2.3-cp37-cp37m-win32.whl", hash = "sha256:1fd78b911aea9cec3b7e1e2622c8018d51c0d2bbcf8faaf53c2497eb114911c1"},
    {file = "coverage-7.2.3-cp37-cp37m-win_amd64.whl", hash = "sha256:0f3736a5d34e091b0a611964c6262fd68ca4363df56185902528f0b75dbb9c1f"},
    {file = "coverage-7.2.3-cp38-cp38-macosx_10_9_x86_64.whl", hash = "sha256:981b4df72c93e3bc04478153df516d385317628bd9c10be699c93c26ddcca8ab"},
    {file = "coverage-7.2.3-cp38-cp38-macosx_11_0_arm64.whl", hash = "sha256:c0045f8f23a5fb30b2eb3b8a83664d8dc4fb58faddf8155d7109166adb9f2040"},
    {file = "coverage-7.2.3-cp38-cp38-manylinux_2_17_aarch64.manylinux2014_aarch64.whl", hash = "sha256:f760073fcf8f3d6933178d67754f4f2d4e924e321f4bb0dcef0424ca0215eba1"},
    {file = "coverage-7.2.3-cp38-cp38-manylinux_2_5_i686.manylinux1_i686.manylinux_2_17_i686.manylinux2014_i686.whl", hash = "sha256:c86bd45d1659b1ae3d0ba1909326b03598affbc9ed71520e0ff8c31a993ad911"},
    {file = "coverage-7.2.3-cp38-cp38-manylinux_2_5_x86_64.manylinux1_x86_64.manylinux_2_17_x86_64.manylinux2014_x86_64.whl", hash = "sha256:172db976ae6327ed4728e2507daf8a4de73c7cc89796483e0a9198fd2e47b462"},
    {file = "coverage-7.2.3-cp38-cp38-musllinux_1_1_aarch64.whl", hash = "sha256:d2a3a6146fe9319926e1d477842ca2a63fe99af5ae690b1f5c11e6af074a6b5c"},
    {file = "coverage-7.2.3-cp38-cp38-musllinux_1_1_i686.whl", hash = "sha256:f649dd53833b495c3ebd04d6eec58479454a1784987af8afb77540d6c1767abd"},
    {file = "coverage-7.2.3-cp38-cp38-musllinux_1_1_x86_64.whl", hash = "sha256:7c4ed4e9f3b123aa403ab424430b426a1992e6f4c8fd3cb56ea520446e04d152"},
    {file = "coverage-7.2.3-cp38-cp38-win32.whl", hash = "sha256:eb0edc3ce9760d2f21637766c3aa04822030e7451981ce569a1b3456b7053f22"},
    {file = "coverage-7.2.3-cp38-cp38-win_amd64.whl", hash = "sha256:63cdeaac4ae85a179a8d6bc09b77b564c096250d759eed343a89d91bce8b6367"},
    {file = "coverage-7.2.3-cp39-cp39-macosx_10_9_x86_64.whl", hash = "sha256:20d1a2a76bb4eb00e4d36b9699f9b7aba93271c9c29220ad4c6a9581a0320235"},
    {file = "coverage-7.2.3-cp39-cp39-macosx_11_0_arm64.whl", hash = "sha256:4ea748802cc0de4de92ef8244dd84ffd793bd2e7be784cd8394d557a3c751e21"},
    {file = "coverage-7.2.3-cp39-cp39-manylinux_2_17_aarch64.manylinux2014_aarch64.whl", hash = "sha256:21b154aba06df42e4b96fc915512ab39595105f6c483991287021ed95776d934"},
    {file = "coverage-7.2.3-cp39-cp39-manylinux_2_5_i686.manylinux1_i686.manylinux_2_17_i686.manylinux2014_i686.whl", hash = "sha256:fd214917cabdd6f673a29d708574e9fbdb892cb77eb426d0eae3490d95ca7859"},
    {file = "coverage-7.2.3-cp39-cp39-manylinux_2_5_x86_64.manylinux1_x86_64.manylinux_2_17_x86_64.manylinux2014_x86_64.whl", hash = "sha256:2c2e58e45fe53fab81f85474e5d4d226eeab0f27b45aa062856c89389da2f0d9"},
    {file = "coverage-7.2.3-cp39-cp39-musllinux_1_1_aarch64.whl", hash = "sha256:87ecc7c9a1a9f912e306997ffee020297ccb5ea388421fe62a2a02747e4d5539"},
    {file = "coverage-7.2.3-cp39-cp39-musllinux_1_1_i686.whl", hash = "sha256:387065e420aed3c71b61af7e82c7b6bc1c592f7e3c7a66e9f78dd178699da4fe"},
    {file = "coverage-7.2.3-cp39-cp39-musllinux_1_1_x86_64.whl", hash = "sha256:ea3f5bc91d7d457da7d48c7a732beaf79d0c8131df3ab278e6bba6297e23c6c4"},
    {file = "coverage-7.2.3-cp39-cp39-win32.whl", hash = "sha256:ae7863a1d8db6a014b6f2ff9c1582ab1aad55a6d25bac19710a8df68921b6e30"},
    {file = "coverage-7.2.3-cp39-cp39-win_amd64.whl", hash = "sha256:3f04becd4fcda03c0160d0da9c8f0c246bc78f2f7af0feea1ec0930e7c93fa4a"},
    {file = "coverage-7.2.3-pp37.pp38.pp39-none-any.whl", hash = "sha256:965ee3e782c7892befc25575fa171b521d33798132692df428a09efacaffe8d0"},
    {file = "coverage-7.2.3.tar.gz", hash = "sha256:d298c2815fa4891edd9abe5ad6e6cb4207104c7dd9fd13aea3fdebf6f9b91259"},
]

[package.extras]
toml = ["tomli"]

[[package]]
name = "flake8"
version = "6.0.0"
description = "the modular source code checker: pep8 pyflakes and co"
category = "dev"
optional = false
python-versions = ">=3.8.1"
files = [
    {file = "flake8-6.0.0-py2.py3-none-any.whl", hash = "sha256:3833794e27ff64ea4e9cf5d410082a8b97ff1a06c16aa3d2027339cd0f1195c7"},
    {file = "flake8-6.0.0.tar.gz", hash = "sha256:c61007e76655af75e6785a931f452915b371dc48f56efd765247c8fe68f2b181"},
]

[package.dependencies]
mccabe = ">=0.7.0,<0.8.0"
pycodestyle = ">=2.10.0,<2.11.0"
pyflakes = ">=3.0.0,<3.1.0"

[[package]]
name = "iniconfig"
version = "2.0.0"
description = "brain-dead simple config-ini parsing"
category = "dev"
optional = false
python-versions = ">=3.7"
files = [
    {file = "iniconfig-2.0.0-py3-none-any.whl", hash = "sha256:b6a85871a79d2e3b22d2d1b94ac2824226a63c6b741c88f7ae975f18b6778374"},
    {file = "iniconfig-2.0.0.tar.gz", hash = "sha256:2d91e135bf72d31a410b17c16da610a82cb55f6b0477d1a902134b24a455b8b3"},
]

[[package]]
name = "mccabe"
version = "0.7.0"
description = "McCabe checker, plugin for flake8"
category = "dev"
optional = false
python-versions = ">=3.6"
files = [
    {file = "mccabe-0.7.0-py2.py3-none-any.whl", hash = "sha256:6c2d30ab6be0e4a46919781807b4f0d834ebdd6c6e3dca0bda5a15f863427b6e"},
    {file = "mccabe-0.7.0.tar.gz", hash = "sha256:348e0240c33b60bbdf4e523192ef919f28cb2c3d7d5c7794f74009290f236325"},
]

[[package]]
name = "packaging"
version = "23.1"
description = "Core utilities for Python packages"
category = "dev"
optional = false
python-versions = ">=3.7"
files = [
    {file = "packaging-23.1-py3-none-any.whl", hash = "sha256:994793af429502c4ea2ebf6bf664629d07c1a9fe974af92966e4b8d2df7edc61"},
    {file = "packaging-23.1.tar.gz", hash = "sha256:a392980d2b6cffa644431898be54b0045151319d1e7ec34f0cfed48767dd334f"},
]

[[package]]
name = "pluggy"
version = "1.0.0"
description = "plugin and hook calling mechanisms for python"
category = "dev"
optional = false
python-versions = ">=3.6"
files = [
    {file = "pluggy-1.0.0-py2.py3-none-any.whl", hash = "sha256:74134bbf457f031a36d68416e1509f34bd5ccc019f0bcc952c7b909d06b37bd3"},
    {file = "pluggy-1.0.0.tar.gz", hash = "sha256:4224373bacce55f955a878bf9cfa763c1e360858e330072059e10bad68531159"},
]

[package.extras]
dev = ["pre-commit", "tox"]
testing = ["pytest", "pytest-benchmark"]

[[package]]
name = "pycodestyle"
version = "2.10.0"
description = "Python style guide checker"
category = "dev"
optional = false
python-versions = ">=3.6"
files = [
    {file = "pycodestyle-2.10.0-py2.py3-none-any.whl", hash = "sha256:8a4eaf0d0495c7395bdab3589ac2db602797d76207242c17d470186815706610"},
    {file = "pycodestyle-2.10.0.tar.gz", hash = "sha256:347187bdb476329d98f695c213d7295a846d1152ff4fe9bacb8a9590b8ee7053"},
]

[[package]]
name = "pyflakes"
version = "3.0.1"
description = "passive checker of Python programs"
category = "dev"
optional = false
python-versions = ">=3.6"
files = [
    {file = "pyflakes-3.0.1-py2.py3-none-any.whl", hash = "sha256:ec55bf7fe21fff7f1ad2f7da62363d749e2a470500eab1b555334b67aa1ef8cf"},
    {file = "pyflakes-3.0.1.tar.gz", hash = "sha256:ec8b276a6b60bd80defed25add7e439881c19e64850afd9b346283d4165fd0fd"},
]

[[package]]
name = "pygame"
version = "2.3.0"
description = "Python Game Development"
category = "main"
optional = false
python-versions = ">=3.6"
files = [
    {file = "pygame-2.3.0-cp310-cp310-macosx_10_9_x86_64.whl", hash = "sha256:3e9535cf1af0c6ca38d94e0b492fc41057d7bf05e9bd64d3ed3e216d336d6d11"},
    {file = "pygame-2.3.0-cp310-cp310-macosx_11_0_arm64.whl", hash = "sha256:23bd3c3a6d4e8acddee2297d609dbc5953d6ba99b0f0cc5ccc2f567889db3785"},
    {file = "pygame-2.3.0-cp310-cp310-manylinux_2_12_i686.manylinux2010_i686.whl", hash = "sha256:619eed2d97f28af9d4cdb217a5517fd6f59b873f2f1d31b4489ed852b9a175c3"},
    {file = "pygame-2.3.0-cp310-cp310-manylinux_2_12_x86_64.manylinux2010_x86_64.whl", hash = "sha256:9ccac73a8c913809ba2c1408d750abf14e45666b3c83493370441c52e99222b4"},
    {file = "pygame-2.3.0-cp310-cp310-manylinux_2_17_aarch64.manylinux2014_aarch64.whl", hash = "sha256:0ec8e691407b6c91525b2d7c8386fd6232b97d8f8c33d134ec0c0165b1d52c24"},
    {file = "pygame-2.3.0-cp310-cp310-manylinux_2_17_i686.manylinux2014_i686.whl", hash = "sha256:8308b21804d137a3b7cafbd020d2159eb5bcc18ffc9c3993b20311069c326a2c"},
    {file = "pygame-2.3.0-cp310-cp310-manylinux_2_17_x86_64.manylinux2014_x86_64.whl", hash = "sha256:a1d737db18f4c94b620613c6a047a3a1eecc0f36df7d5da4070de575930cc5f0"},
    {file = "pygame-2.3.0-cp310-cp310-win32.whl", hash = "sha256:788717d0b9a0d0828a763381e1eb6a127ceef815f9a91ff52217ed4b78df62fc"},
    {file = "pygame-2.3.0-cp310-cp310-win_amd64.whl", hash = "sha256:e3948be800b5f251a0741ec3aab3ca508dfc391095726a69af7064fa4d3e0547"},
    {file = "pygame-2.3.0-cp311-cp311-macosx_10_9_x86_64.whl", hash = "sha256:82e5806fd797bd1b27fae705683f6822ae5276ec9cda42e6e21bba61985b763a"},
    {file = "pygame-2.3.0-cp311-cp311-macosx_11_0_arm64.whl", hash = "sha256:fab0457ab07e8abb99de2b83c0a71f98bdf79afb01ff611873e4333fd8649f02"},
    {file = "pygame-2.3.0-cp311-cp311-manylinux_2_17_aarch64.manylinux2014_aarch64.whl", hash = "sha256:ad8fa7a91fa8f2a4fa46366142763675a0a11b7c34b06dfc20b1095d116da820"},
    {file = "pygame-2.3.0-cp311-cp311-manylinux_2_17_i686.manylinux2014_i686.whl", hash = "sha256:cfff49dbb7fcc2a9a88e3f25fda7f181ee4957fd89df78c47fa64c689d19b8a9"},
    {file = "pygame-2.3.0-cp311-cp311-manylinux_2_17_x86_64.manylinux2014_x86_64.whl", hash = "sha256:a5afd712bd7307d034e6940f3025c4b769656fd4cbb38fbdbd6af0f93d6c8386"},
    {file = "pygame-2.3.0-cp311-cp311-win32.whl", hash = "sha256:fa18acc2d6f0d09575802e1db11845fc0f83f9777cc385c51380125df92f3dc9"},
    {file = "pygame-2.3.0-cp311-cp311-win_amd64.whl", hash = "sha256:101c57141d705ca1930377c324d2c7acd3099f1b4ac676981bdf5d5b329842c8"},
    {file = "pygame-2.3.0-cp36-cp36m-macosx_10_9_x86_64.whl", hash = "sha256:17730a2ed1001e5876745702c92906ad31ecedc13825efba56a0cba92e273b7a"},
    {file = "pygame-2.3.0-cp36-cp36m-manylinux_2_12_i686.manylinux2010_i686.whl", hash = "sha256:4b334f6dd6c1412dd4b161a8562b7a422db957f67b7eb93e927606e2dd435882"},
    {file = "pygame-2.3.0-cp36-cp36m-manylinux_2_12_x86_64.manylinux2010_x86_64.whl", hash = "sha256:4db1b103025fd4b451dfa409c0da16d2ff31714ae82bdf45b1434863cd69370b"},
    {file = "pygame-2.3.0-cp36-cp36m-manylinux_2_17_aarch64.manylinux2014_aarch64.whl", hash = "sha256:d339f90cc30de4b013670de84abd46de4be602d5c52bbe4e569fa15d17b204ca"},
    {file = "pygame-2.3.0-cp36-cp36m-manylinux_2_17_i686.manylinux2014_i686.whl", hash = "sha256:a7390815dad55a2db9f8daac6f2c2e593801daea2d674433a72b91ea1caee0d3"},
    {file = "pygame-2.3.0-cp36-cp36m-manylinux_2_17_x86_64.manylinux2014_x86_64.whl", hash = "sha256:59a1e473c627acf369b30bb52fb5f39d1f68f8c204aa857578b72f07a23c952b"},
    {file = "pygame-2.3.0-cp36-cp36m-manylinux_2_5_i686.manylinux1_i686.whl", hash = "sha256:228514c0d034c840b8ee6bf99185df34ac15e6a6a99684b8a3900124417c8d8f"},
    {file = "pygame-2.3.0-cp36-cp36m-manylinux_2_5_x86_64.manylinux1_x86_64.whl", hash = "sha256:a8b315203925724f89a81a741682589ba1c36ec858d98e6accb7501ece9e99a3"},
    {file = "pygame-2.3.0-cp36-cp36m-win32.whl", hash = "sha256:38642c6cc6477db6ebddd52be39bad0a9e19cf097f83feaaf8e7573b9a9d2405"},
    {file = "pygame-2.3.0-cp36-cp36m-win_amd64.whl", hash = "sha256:525e11a2b9182ec84d690634016009e382ab8b488593c3f150a0b8aae28aa165"},
    {file = "pygame-2.3.0-cp37-cp37m-macosx_10_9_x86_64.whl", hash = "sha256:32bdf1d5d9e0763779d0b915d4617253949a6c118c4c6b5ae1a77cf1df964e4c"},
    {file = "pygame-2.3.0-cp37-cp37m-manylinux_2_12_i686.manylinux2010_i686.whl", hash = "sha256:f57b1ee40387e43ab5c3cf20437283477b5ef52ead4bb1d9bff254ef9ee70623"},
    {file = "pygame-2.3.0-cp37-cp37m-manylinux_2_12_x86_64.manylinux2010_x86_64.whl", hash = "sha256:6ccde93b51d2393216f98e8f81cf5cc628513d837c89dcf5b588f52031659c09"},
    {file = "pygame-2.3.0-cp37-cp37m-manylinux_2_17_aarch64.manylinux2014_aarch64.whl", hash = "sha256:c60be419d7cca1222895dfe9d520628b7346015208382a19fa678356a22664b3"},
    {file = "pygame-2.3.0-cp37-cp37m-manylinux_2_17_i686.manylinux2014_i686.whl", hash = "sha256:43f238229b3a9e5692ba5a31638f1c148257b37a49ef21f03b23b34d7f00b2d9"},
    {file = "pygame-2.3.0-cp37-cp37m-manylinux_2_17_x86_64.manylinux2014_x86_64.whl", hash = "sha256:d628637d4f0c55613f258b84eef932faf89e683aa842f4fd483a676f44a38606"},
    {file = "pygame-2.3.0-cp37-cp37m-manylinux_2_5_i686.manylinux1_i686.whl", hash = "sha256:35f5a9cc7a9a2ea3d048e418e79f30e1506cb47015939330903026c636761aab"},
    {file = "pygame-2.3.0-cp37-cp37m-manylinux_2_5_x86_64.manylinux1_x86_64.whl", hash = "sha256:703d5def9d4dbe9c358f63151bee4a55e328dd7737e692f52522bc44be7c7c8c"},
    {file = "pygame-2.3.0-cp37-cp37m-win32.whl", hash = "sha256:53e9418c457fa549294feee7947bc0b24b048b4eba133f0e757dd2348d15af3b"},
    {file = "pygame-2.3.0-cp37-cp37m-win_amd64.whl", hash = "sha256:0a664cd6c50870f6749c389a8844318afc8a2d02f8cb7b05d67930fdf99252bd"},
    {file = "pygame-2.3.0-cp38-cp38-macosx_10_9_x86_64.whl", hash = "sha256:bf236758429d9b9cdadd1fcf40901588818ee440178b932409c40157ab41e902"},
    {file = "pygame-2.3.0-cp38-cp38-macosx_11_0_arm64.whl", hash = "sha256:3d035ba196c258876a87451fa7de65b62c087d7016e51000e8d95bc67c8584f7"},
    {file = "pygame-2.3.0-cp38-cp38-manylinux_2_12_i686.manylinux2010_i686.whl", hash = "sha256:57180b3aabbe17d8017aa724887019943d96ea69810f4315f5c1b7d4f64861f9"},
    {file = "pygame-2.3.0-cp38-cp38-manylinux_2_12_x86_64.manylinux2010_x86_64.whl", hash = "sha256:246f75f67d2ad4c2dad21b1f35c6092d67c4c0db13b2fa0a42d794e6e2794f47"},
    {file = "pygame-2.3.0-cp38-cp38-manylinux_2_17_aarch64.manylinux2014_aarch64.whl", hash = "sha256:033352321cc49d60fdc3c3ae4b3e10ecb6614846fb2eb3453c729aba48a2874d"},
    {file = "pygame-2.3.0-cp38-cp38-manylinux_2_17_i686.manylinux2014_i686.whl", hash = "sha256:3ee86606c6c7f61176ed24b427fa230fe4fc9f552aa555b8db21ddb608b4ce88"},
    {file = "pygame-2.3.0-cp38-cp38-manylinux_2_17_x86_64.manylinux2014_x86_64.whl", hash = "sha256:d949e93fbdaf5b43f69a484639104c07028f93686c8305afb0d8e382fde8ff5d"},
    {file = "pygame-2.3.0-cp38-cp38-manylinux_2_5_i686.manylinux1_i686.whl", hash = "sha256:f2acf958513bd1612960ec68aa5e388262218f7365db59e54e1ee68a55bc544b"},
    {file = "pygame-2.3.0-cp38-cp38-manylinux_2_5_x86_64.manylinux1_x86_64.whl", hash = "sha256:6c5d33355dfb66382bcac1fcf3db64ba71bc9e97082db3ae45a7a0d335e73268"},
    {file = "pygame-2.3.0-cp38-cp38-win32.whl", hash = "sha256:1eda9f30d376d4205e8204e542ab1348dcbb31755c8ba38772e48a3b2f91b2fc"},
    {file = "pygame-2.3.0-cp38-cp38-win_amd64.whl", hash = "sha256:b507df9ea606a87c29e5028b8de9f35066a15f6a5d7f3e5b47b3719e9403f924"},
    {file = "pygame-2.3.0-cp39-cp39-macosx_10_9_x86_64.whl", hash = "sha256:25c1b1819211aaa0f98264e6b670a496a9975079d5ae2dffd304b0aca6b1aa3c"},
    {file = "pygame-2.3.0-cp39-cp39-macosx_11_0_arm64.whl", hash = "sha256:e516bc6bba5455817bbb0038f4c44d1914aac13c7f7954dee9213c9ae28bd9ac"},
    {file = "pygame-2.3.0-cp39-cp39-manylinux_2_12_i686.manylinux2010_i686.whl", hash = "sha256:740b9f311c693b00d86a89cc6846afc1d1e013b006975eb8be0b18d5481c5b32"},
    {file = "pygame-2.3.0-cp39-cp39-manylinux_2_12_x86_64.manylinux2010_x86_64.whl", hash = "sha256:932034e1738873a55c4e2eb83b6e8c03f9a55feaa6a04a7da7b1e0e5a5050b4a"},
    {file = "pygame-2.3.0-cp39-cp39-manylinux_2_17_aarch64.manylinux2014_aarch64.whl", hash = "sha256:774233845099d632de676ad4d4dd08ba27ebce5bfa550b1dc9f6cce145e21c35"},
    {file = "pygame-2.3.0-cp39-cp39-manylinux_2_17_i686.manylinux2014_i686.whl", hash = "sha256:4f79a3c5e7f24474d6e722d597ee03d2b0d17958c77d4307787147cf339b4ad9"},
    {file = "pygame-2.3.0-cp39-cp39-manylinux_2_17_x86_64.manylinux2014_x86_64.whl", hash = "sha256:84fad9538012f1d6b298dcf690c4336e0317fe97ac10993b4d847ff547e919dd"},
    {file = "pygame-2.3.0-cp39-cp39-manylinux_2_5_i686.manylinux1_i686.whl", hash = "sha256:910678441d02c3b55ac59fcbc4220a824b094407de084734b5d84e0900d6448b"},
    {file = "pygame-2.3.0-cp39-cp39-manylinux_2_5_x86_64.manylinux1_x86_64.whl", hash = "sha256:653ec5102b9cb13a24e26663a81d7810790e56b88113b90aa5fdca681c01a5b9"},
    {file = "pygame-2.3.0-cp39-cp39-win32.whl", hash = "sha256:e62607c86e02d29ba5cb00837f73b1dce7b325a1f1f6d93150a0f96fa68da1a1"},
    {file = "pygame-2.3.0-cp39-cp39-win_amd64.whl", hash = "sha256:90931a210325274184860d898df4e87a0972654edbb2a6185afcdce32244dfb6"},
    {file = "pygame-2.3.0-pp36-pypy36_pp73-win32.whl", hash = "sha256:1dc89d825e0ccba5ba3605abbd83be1401e0a32de7ab64b9647a6bb1ecb0a4f7"},
    {file = "pygame-2.3.0-pp37-pypy37_pp73-manylinux_2_17_i686.manylinux2014_i686.whl", hash = "sha256:e323b75abda43345aff5ab2f6b1c017135f937f8a114d7aac8d95a07d200e19f"},
    {file = "pygame-2.3.0-pp37-pypy37_pp73-manylinux_2_17_x86_64.manylinux2014_x86_64.whl", hash = "sha256:e13de2947c496fcb600fa4b5cd00a5fa33d4b3af9d13c169a5f79268268de0a8"},
    {file = "pygame-2.3.0-pp38-pypy38_pp73-macosx_10_9_x86_64.whl", hash = "sha256:555234ed6b08242af95406fd3eb43255c3ce8e915e8c751f2d411bd40d574df4"},
    {file = "pygame-2.3.0-pp38-pypy38_pp73-manylinux_2_17_i686.manylinux2014_i686.whl", hash = "sha256:858d3968aebaca5015ef0ec82c513114a3c3fe64ce910222cfa852a39f03b135"},
    {file = "pygame-2.3.0-pp38-pypy38_pp73-manylinux_2_17_x86_64.manylinux2014_x86_64.whl", hash = "sha256:250b3ec3f90b05ad50cb0070d994a0a1f39fffe8181fc9508b8749884c313431"},
    {file = "pygame-2.3.0-pp39-pypy39_pp73-macosx_10_9_x86_64.whl", hash = "sha256:a5e83bd89da26f8360e02d5de2d2575981b0ebad81ea6d48aba610dabf167b88"},
    {file = "pygame-2.3.0-pp39-pypy39_pp73-manylinux_2_17_i686.manylinux2014_i686.whl", hash = "sha256:c2961d44593aaa99580971e4123db00d4ca72fb4b30fa56350b3f6792331a41e"},
    {file = "pygame-2.3.0-pp39-pypy39_pp73-manylinux_2_17_x86_64.manylinux2014_x86_64.whl", hash = "sha256:385163fd1ed8809a72be68fddc9c76876c304e8712695aff2ea49adf3831caf9"},
    {file = "pygame-2.3.0.tar.gz", hash = "sha256:884b92c9cbf0bfaf8b8dd0f75a746613c55447d307ddd1addf903709b3b9f89f"},
]

[[package]]
name = "pytest"
version = "7.3.1"
description = "pytest: simple powerful testing with Python"
category = "dev"
optional = false
python-versions = ">=3.7"
files = [
    {file = "pytest-7.3.1-py3-none-any.whl", hash = "sha256:3799fa815351fea3a5e96ac7e503a96fa51cc9942c3753cda7651b93c1cfa362"},
    {file = "pytest-7.3.1.tar.gz", hash = "sha256:434afafd78b1d78ed0addf160ad2b77a30d35d4bdf8af234fe621919d9ed15e3"},
]

[package.dependencies]
colorama = {version = "*", markers = "sys_platform == \"win32\""}
iniconfig = "*"
packaging = "*"
pluggy = ">=0.12,<2.0"

[package.extras]
testing = ["argcomplete", "attrs (>=19.2.0)", "hypothesis (>=3.56)", "mock", "nose", "pygments (>=2.7.2)", "requests", "xmlschema"]

[metadata]
lock-version = "2.0"
python-versions = "^3.11"
content-hash = "1afe5d6dde9b527f80ce252ad177706ab651349f428916d60610588e1791cb56"
